// !$*UTF8*$!
{
	archiveVersion = 1;
	classes = {
	};
	objectVersion = 50;
	objects = {

/* Begin PBXBuildFile section */
		8DA7BDDA214B5B0000B6038B /* AppDelegate.swift in Sources */ = {isa = PBXBuildFile; fileRef = 8DA7BDD9214B5B0000B6038B /* AppDelegate.swift */; };
		8DA7BDDF214B5B0000B6038B /* Main.storyboard in Resources */ = {isa = PBXBuildFile; fileRef = 8DA7BDDD214B5B0000B6038B /* Main.storyboard */; };
		8DA7BDE1214B5B0100B6038B /* Assets.xcassets in Resources */ = {isa = PBXBuildFile; fileRef = 8DA7BDE0214B5B0100B6038B /* Assets.xcassets */; };
		8DA7BDE4214B5B0100B6038B /* LaunchScreen.storyboard in Resources */ = {isa = PBXBuildFile; fileRef = 8DA7BDE2214B5B0100B6038B /* LaunchScreen.storyboard */; };
		8DA7BDFA214B5EBA00B6038B /* JWMainAssetController.swift in Sources */ = {isa = PBXBuildFile; fileRef = 8DA7BDF9214B5EBA00B6038B /* JWMainAssetController.swift */; };
		8DA7BDFD214B5ED000B6038B /* JWQuotesController.swift in Sources */ = {isa = PBXBuildFile; fileRef = 8DA7BDFC214B5ED000B6038B /* JWQuotesController.swift */; };
		8DA7BE00214B5EE300B6038B /* JWSettingController.swift in Sources */ = {isa = PBXBuildFile; fileRef = 8DA7BDFF214B5EE300B6038B /* JWSettingController.swift */; };
		8DA7BE03214B5F1F00B6038B /* JWAdvisoryController.swift in Sources */ = {isa = PBXBuildFile; fileRef = 8DA7BE02214B5F1F00B6038B /* JWAdvisoryController.swift */; };
		8DA7BE06214B5F5A00B6038B /* JWTabBarController.swift in Sources */ = {isa = PBXBuildFile; fileRef = 8DA7BE05214B5F5A00B6038B /* JWTabBarController.swift */; };
		8DA7BE08214B644500B6038B /* UIView+Frame.swift in Sources */ = {isa = PBXBuildFile; fileRef = 8DA7BE07214B644500B6038B /* UIView+Frame.swift */; };
		C51B791DA7CD1DEC5513AD10 /* libPods-JuWallet.a in Frameworks */ = {isa = PBXBuildFile; fileRef = C38B022B4578E6C6BB1848CD /* libPods-JuWallet.a */; };
/* End PBXBuildFile section */

/* Begin PBXFileReference section */
		7DFF3BB0B80BBF9F1FBAC7C2 /* Pods-JuWallet.release.xcconfig */ = {isa = PBXFileReference; includeInIndex = 1; lastKnownFileType = text.xcconfig; name = "Pods-JuWallet.release.xcconfig"; path = "Pods/Target Support Files/Pods-JuWallet/Pods-JuWallet.release.xcconfig"; sourceTree = "<group>"; };
		8DA7BDD6214B5B0000B6038B /* JuWallet.app */ = {isa = PBXFileReference; explicitFileType = wrapper.application; includeInIndex = 0; path = JuWallet.app; sourceTree = BUILT_PRODUCTS_DIR; };
		8DA7BDD9214B5B0000B6038B /* AppDelegate.swift */ = {isa = PBXFileReference; lastKnownFileType = sourcecode.swift; path = AppDelegate.swift; sourceTree = "<group>"; };
		8DA7BDDE214B5B0000B6038B /* Base */ = {isa = PBXFileReference; lastKnownFileType = file.storyboard; name = Base; path = Base.lproj/Main.storyboard; sourceTree = "<group>"; };
		8DA7BDE0214B5B0100B6038B /* Assets.xcassets */ = {isa = PBXFileReference; lastKnownFileType = folder.assetcatalog; path = Assets.xcassets; sourceTree = "<group>"; };
		8DA7BDE3214B5B0100B6038B /* Base */ = {isa = PBXFileReference; lastKnownFileType = file.storyboard; name = Base; path = Base.lproj/LaunchScreen.storyboard; sourceTree = "<group>"; };
		8DA7BDE5214B5B0100B6038B /* Info.plist */ = {isa = PBXFileReference; lastKnownFileType = text.plist.xml; path = Info.plist; sourceTree = "<group>"; };
		8DA7BDF9214B5EBA00B6038B /* JWMainAssetController.swift */ = {isa = PBXFileReference; lastKnownFileType = sourcecode.swift; path = JWMainAssetController.swift; sourceTree = "<group>"; };
		8DA7BDFC214B5ED000B6038B /* JWQuotesController.swift */ = {isa = PBXFileReference; lastKnownFileType = sourcecode.swift; path = JWQuotesController.swift; sourceTree = "<group>"; };
		8DA7BDFF214B5EE300B6038B /* JWSettingController.swift */ = {isa = PBXFileReference; lastKnownFileType = sourcecode.swift; path = JWSettingController.swift; sourceTree = "<group>"; };
		8DA7BE02214B5F1F00B6038B /* JWAdvisoryController.swift */ = {isa = PBXFileReference; lastKnownFileType = sourcecode.swift; path = JWAdvisoryController.swift; sourceTree = "<group>"; };
		8DA7BE05214B5F5A00B6038B /* JWTabBarController.swift */ = {isa = PBXFileReference; lastKnownFileType = sourcecode.swift; path = JWTabBarController.swift; sourceTree = "<group>"; };
		8DA7BE07214B644500B6038B /* UIView+Frame.swift */ = {isa = PBXFileReference; lastKnownFileType = sourcecode.swift; path = "UIView+Frame.swift"; sourceTree = "<group>"; };
		B71DBBE298D2B6353AAC29C2 /* Pods-JuWallet.debug.xcconfig */ = {isa = PBXFileReference; includeInIndex = 1; lastKnownFileType = text.xcconfig; name = "Pods-JuWallet.debug.xcconfig"; path = "Pods/Target Support Files/Pods-JuWallet/Pods-JuWallet.debug.xcconfig"; sourceTree = "<group>"; };
		C38B022B4578E6C6BB1848CD /* libPods-JuWallet.a */ = {isa = PBXFileReference; explicitFileType = archive.ar; includeInIndex = 0; path = "libPods-JuWallet.a"; sourceTree = BUILT_PRODUCTS_DIR; };
/* End PBXFileReference section */

/* Begin PBXFrameworksBuildPhase section */
		8DA7BDD3214B5B0000B6038B /* Frameworks */ = {
			isa = PBXFrameworksBuildPhase;
			buildActionMask = 2147483647;
			files = (
				C51B791DA7CD1DEC5513AD10 /* libPods-JuWallet.a in Frameworks */,
			);
			runOnlyForDeploymentPostprocessing = 0;
		};
/* End PBXFrameworksBuildPhase section */

/* Begin PBXGroup section */
		402D5C0292A65924E4DF72ED /* Frameworks */ = {
			isa = PBXGroup;
			children = (
				C38B022B4578E6C6BB1848CD /* libPods-JuWallet.a */,
			);
			name = Frameworks;
			sourceTree = "<group>";
		};
		8DA7BDCD214B5B0000B6038B = {
			isa = PBXGroup;
			children = (
				8DA7BDD8214B5B0000B6038B /* JuWallet */,
				8DA7BDD7214B5B0000B6038B /* Products */,
				8F49B1ADC289951DA528C682 /* Pods */,
				402D5C0292A65924E4DF72ED /* Frameworks */,
			);
			sourceTree = "<group>";
		};
		8DA7BDD7214B5B0000B6038B /* Products */ = {
			isa = PBXGroup;
			children = (
				8DA7BDD6214B5B0000B6038B /* JuWallet.app */,
			);
			name = Products;
			sourceTree = "<group>";
		};
		8DA7BDD8214B5B0000B6038B /* JuWallet */ = {
			isa = PBXGroup;
			children = (
				8DA7BDED214B5C9D00B6038B /* Main */,
				8DA7BDF0214B5C9D00B6038B /* Modules */,
				8DA7BDF6214B5C9D00B6038B /* Package */,
				8DA7BDEC214B5C9D00B6038B /* Resource */,
				8DA7BDF8214B5C9D00B6038B /* Service */,
				8DA7BDEB214B5C9D00B6038B /* ThirdParty */,
				8DA7BDDD214B5B0000B6038B /* Main.storyboard */,
				8DA7BDE0214B5B0100B6038B /* Assets.xcassets */,
				8DA7BDE2214B5B0100B6038B /* LaunchScreen.storyboard */,
				8DA7BDE5214B5B0100B6038B /* Info.plist */,
			);
			path = JuWallet;
			sourceTree = "<group>";
		};
		8DA7BDEB214B5C9D00B6038B /* ThirdParty */ = {
			isa = PBXGroup;
			children = (
			);
			path = ThirdParty;
			sourceTree = "<group>";
		};
		8DA7BDEC214B5C9D00B6038B /* Resource */ = {
			isa = PBXGroup;
			children = (
			);
			path = Resource;
			sourceTree = "<group>";
		};
		8DA7BDED214B5C9D00B6038B /* Main */ = {
			isa = PBXGroup;
			children = (
				8DA7BDEE214B5C9D00B6038B /* Delegate */,
				8DA7BDEF214B5C9D00B6038B /* Base */,
			);
			path = Main;
			sourceTree = "<group>";
		};
		8DA7BDEE214B5C9D00B6038B /* Delegate */ = {
			isa = PBXGroup;
			children = (
				8DA7BDD9214B5B0000B6038B /* AppDelegate.swift */,
			);
			path = Delegate;
			sourceTree = "<group>";
		};
		8DA7BDEF214B5C9D00B6038B /* Base */ = {
			isa = PBXGroup;
			children = (
				8DA7BE04214B5F2800B6038B /* KeyController */,
			);
			path = Base;
			sourceTree = "<group>";
		};
		8DA7BDF0214B5C9D00B6038B /* Modules */ = {
			isa = PBXGroup;
			children = (
				8DA7BDF1214B5C9D00B6038B /* Asset */,
				8DA7BDF3214B5C9D00B6038B /* Quotes */,
				8DA7BDF4214B5C9D00B6038B /* Setting */,
				8DA7BDF5214B5C9D00B6038B /* Advisory */,
			);
			path = Modules;
			sourceTree = "<group>";
		};
		8DA7BDF1214B5C9D00B6038B /* Asset */ = {
			isa = PBXGroup;
			children = (
				8DA7BDF2214B5C9D00B6038B /* Controller */,
			);
			path = Asset;
			sourceTree = "<group>";
		};
		8DA7BDF2214B5C9D00B6038B /* Controller */ = {
			isa = PBXGroup;
			children = (
				8DA7BDF9214B5EBA00B6038B /* JWMainAssetController.swift */,
			);
			path = Controller;
			sourceTree = "<group>";
		};
		8DA7BDF3214B5C9D00B6038B /* Quotes */ = {
			isa = PBXGroup;
			children = (
				8DA7BDFB214B5EBE00B6038B /* Controller */,
			);
			path = Quotes;
			sourceTree = "<group>";
		};
		8DA7BDF4214B5C9D00B6038B /* Setting */ = {
			isa = PBXGroup;
			children = (
				8DA7BDFE214B5ED400B6038B /* Controller */,
			);
			path = Setting;
			sourceTree = "<group>";
		};
		8DA7BDF5214B5C9D00B6038B /* Advisory */ = {
			isa = PBXGroup;
			children = (
				8DA7BE01214B5EE800B6038B /* Controller */,
			);
			path = Advisory;
			sourceTree = "<group>";
		};
		8DA7BDF6214B5C9D00B6038B /* Package */ = {
			isa = PBXGroup;
			children = (
				8DA7BDF7214B5C9D00B6038B /* Extension */,
			);
			path = Package;
			sourceTree = "<group>";
		};
		8DA7BDF7214B5C9D00B6038B /* Extension */ = {
			isa = PBXGroup;
			children = (
				8DA7BE07214B644500B6038B /* UIView+Frame.swift */,
			);
			path = Extension;
			sourceTree = "<group>";
		};
		8DA7BDF8214B5C9D00B6038B /* Service */ = {
			isa = PBXGroup;
			children = (
			);
			path = Service;
			sourceTree = "<group>";
		};
		8DA7BDFB214B5EBE00B6038B /* Controller */ = {
			isa = PBXGroup;
			children = (
				8DA7BDFC214B5ED000B6038B /* JWQuotesController.swift */,
			);
			path = Controller;
			sourceTree = "<group>";
		};
		8DA7BDFE214B5ED400B6038B /* Controller */ = {
			isa = PBXGroup;
			children = (
				8DA7BDFF214B5EE300B6038B /* JWSettingController.swift */,
			);
			path = Controller;
			sourceTree = "<group>";
		};
		8DA7BE01214B5EE800B6038B /* Controller */ = {
			isa = PBXGroup;
			children = (
				8DA7BE02214B5F1F00B6038B /* JWAdvisoryController.swift */,
			);
			path = Controller;
			sourceTree = "<group>";
		};
		8DA7BE04214B5F2800B6038B /* KeyController */ = {
			isa = PBXGroup;
			children = (
				8DA7BE05214B5F5A00B6038B /* JWTabBarController.swift */,
			);
			path = KeyController;
			sourceTree = "<group>";
		};
		8F49B1ADC289951DA528C682 /* Pods */ = {
			isa = PBXGroup;
			children = (
				B71DBBE298D2B6353AAC29C2 /* Pods-JuWallet.debug.xcconfig */,
				7DFF3BB0B80BBF9F1FBAC7C2 /* Pods-JuWallet.release.xcconfig */,
			);
			name = Pods;
			sourceTree = "<group>";
		};
/* End PBXGroup section */

/* Begin PBXNativeTarget section */
		8DA7BDD5214B5B0000B6038B /* JuWallet */ = {
			isa = PBXNativeTarget;
			buildConfigurationList = 8DA7BDE8214B5B0100B6038B /* Build configuration list for PBXNativeTarget "JuWallet" */;
			buildPhases = (
				C9BBB0AAC42A0A5F71268A01 /* [CP] Check Pods Manifest.lock */,
				8DA7BDD2214B5B0000B6038B /* Sources */,
				8DA7BDD3214B5B0000B6038B /* Frameworks */,
				8DA7BDD4214B5B0000B6038B /* Resources */,
				6A16A0729FE638E4462DDEF5 /* [CP] Copy Pods Resources */,
			);
			buildRules = (
			);
			dependencies = (
			);
			name = JuWallet;
			productName = JuWallet;
			productReference = 8DA7BDD6214B5B0000B6038B /* JuWallet.app */;
			productType = "com.apple.product-type.application";
		};
/* End PBXNativeTarget section */

/* Begin PBXProject section */
		8DA7BDCE214B5B0000B6038B /* Project object */ = {
			isa = PBXProject;
			attributes = {
				CLASSPREFIX = JW;
				LastSwiftUpdateCheck = 0940;
				LastUpgradeCheck = 0940;
				ORGANIZATIONNAME = juwallet;
				TargetAttributes = {
					8DA7BDD5214B5B0000B6038B = {
						CreatedOnToolsVersion = 9.4.1;
					};
				};
			};
			buildConfigurationList = 8DA7BDD1214B5B0000B6038B /* Build configuration list for PBXProject "JuWallet" */;
			compatibilityVersion = "Xcode 9.3";
			developmentRegion = en;
			hasScannedForEncodings = 0;
			knownRegions = (
				en,
				Base,
			);
			mainGroup = 8DA7BDCD214B5B0000B6038B;
			productRefGroup = 8DA7BDD7214B5B0000B6038B /* Products */;
			projectDirPath = "";
			projectRoot = "";
			targets = (
				8DA7BDD5214B5B0000B6038B /* JuWallet */,
			);
		};
/* End PBXProject section */

/* Begin PBXResourcesBuildPhase section */
		8DA7BDD4214B5B0000B6038B /* Resources */ = {
			isa = PBXResourcesBuildPhase;
			buildActionMask = 2147483647;
			files = (
				8DA7BDE4214B5B0100B6038B /* LaunchScreen.storyboard in Resources */,
				8DA7BDE1214B5B0100B6038B /* Assets.xcassets in Resources */,
				8DA7BDDF214B5B0000B6038B /* Main.storyboard in Resources */,
			);
			runOnlyForDeploymentPostprocessing = 0;
		};
/* End PBXResourcesBuildPhase section */

/* Begin PBXShellScriptBuildPhase section */
		6A16A0729FE638E4462DDEF5 /* [CP] Copy Pods Resources */ = {
			isa = PBXShellScriptBuildPhase;
			buildActionMask = 2147483647;
			files = (
			);
			inputPaths = (
				"${SRCROOT}/Pods/Target Support Files/Pods-JuWallet/Pods-JuWallet-resources.sh",
				"${PODS_ROOT}/MJRefresh/MJRefresh/MJRefresh.bundle",
			);
			name = "[CP] Copy Pods Resources";
			outputPaths = (
				"${TARGET_BUILD_DIR}/${UNLOCALIZED_RESOURCES_FOLDER_PATH}/MJRefresh.bundle",
			);
			runOnlyForDeploymentPostprocessing = 0;
			shellPath = /bin/sh;
			shellScript = "\"${SRCROOT}/Pods/Target Support Files/Pods-JuWallet/Pods-JuWallet-resources.sh\"\n";
			showEnvVarsInLog = 0;
		};
		C9BBB0AAC42A0A5F71268A01 /* [CP] Check Pods Manifest.lock */ = {
			isa = PBXShellScriptBuildPhase;
			buildActionMask = 2147483647;
			files = (
			);
			inputPaths = (
				"${PODS_PODFILE_DIR_PATH}/Podfile.lock",
				"${PODS_ROOT}/Manifest.lock",
			);
			name = "[CP] Check Pods Manifest.lock";
			outputPaths = (
				"$(DERIVED_FILE_DIR)/Pods-JuWallet-checkManifestLockResult.txt",
			);
			runOnlyForDeploymentPostprocessing = 0;
			shellPath = /bin/sh;
			shellScript = "diff \"${PODS_PODFILE_DIR_PATH}/Podfile.lock\" \"${PODS_ROOT}/Manifest.lock\" > /dev/null\nif [ $? != 0 ] ; then\n    # print error to STDERR\n    echo \"error: The sandbox is not in sync with the Podfile.lock. Run 'pod install' or update your CocoaPods installation.\" >&2\n    exit 1\nfi\n# This output is used by Xcode 'outputs' to avoid re-running this script phase.\necho \"SUCCESS\" > \"${SCRIPT_OUTPUT_FILE_0}\"\n";
			showEnvVarsInLog = 0;
		};
/* End PBXShellScriptBuildPhase section */

/* Begin PBXSourcesBuildPhase section */
		8DA7BDD2214B5B0000B6038B /* Sources */ = {
			isa = PBXSourcesBuildPhase;
			buildActionMask = 2147483647;
			files = (
				8DA7BDFD214B5ED000B6038B /* JWQuotesController.swift in Sources */,
				8DA7BDFA214B5EBA00B6038B /* JWMainAssetController.swift in Sources */,
				8DA7BE03214B5F1F00B6038B /* JWAdvisoryController.swift in Sources */,
				8DA7BE00214B5EE300B6038B /* JWSettingController.swift in Sources */,
				8DA7BE08214B644500B6038B /* UIView+Frame.swift in Sources */,
				8DA7BDDA214B5B0000B6038B /* AppDelegate.swift in Sources */,
				8DA7BE06214B5F5A00B6038B /* JWTabBarController.swift in Sources */,
			);
			runOnlyForDeploymentPostprocessing = 0;
		};
/* End PBXSourcesBuildPhase section */

/* Begin PBXVariantGroup section */
		8DA7BDDD214B5B0000B6038B /* Main.storyboard */ = {
			isa = PBXVariantGroup;
			children = (
				8DA7BDDE214B5B0000B6038B /* Base */,
			);
			name = Main.storyboard;
			sourceTree = "<group>";
		};
		8DA7BDE2214B5B0100B6038B /* LaunchScreen.storyboard */ = {
			isa = PBXVariantGroup;
			children = (
				8DA7BDE3214B5B0100B6038B /* Base */,
			);
			name = LaunchScreen.storyboard;
			sourceTree = "<group>";
		};
/* End PBXVariantGroup section */

/* Begin XCBuildConfiguration section */
		8DA7BDE6214B5B0100B6038B /* Debug */ = {
			isa = XCBuildConfiguration;
			buildSettings = {
				ALWAYS_SEARCH_USER_PATHS = NO;
				CLANG_ANALYZER_NONNULL = YES;
				CLANG_ANALYZER_NUMBER_OBJECT_CONVERSION = YES_AGGRESSIVE;
				CLANG_CXX_LANGUAGE_STANDARD = "gnu++14";
				CLANG_CXX_LIBRARY = "libc++";
				CLANG_ENABLE_MODULES = YES;
				CLANG_ENABLE_OBJC_ARC = YES;
				CLANG_ENABLE_OBJC_WEAK = YES;
				CLANG_WARN_BLOCK_CAPTURE_AUTORELEASING = YES;
				CLANG_WARN_BOOL_CONVERSION = YES;
				CLANG_WARN_COMMA = YES;
				CLANG_WARN_CONSTANT_CONVERSION = YES;
				CLANG_WARN_DEPRECATED_OBJC_IMPLEMENTATIONS = YES;
				CLANG_WARN_DIRECT_OBJC_ISA_USAGE = YES_ERROR;
				CLANG_WARN_DOCUMENTATION_COMMENTS = YES;
				CLANG_WARN_EMPTY_BODY = YES;
				CLANG_WARN_ENUM_CONVERSION = YES;
				CLANG_WARN_INFINITE_RECURSION = YES;
				CLANG_WARN_INT_CONVERSION = YES;
				CLANG_WARN_NON_LITERAL_NULL_CONVERSION = YES;
				CLANG_WARN_OBJC_IMPLICIT_RETAIN_SELF = YES;
				CLANG_WARN_OBJC_LITERAL_CONVERSION = YES;
				CLANG_WARN_OBJC_ROOT_CLASS = YES_ERROR;
				CLANG_WARN_RANGE_LOOP_ANALYSIS = YES;
				CLANG_WARN_STRICT_PROTOTYPES = YES;
				CLANG_WARN_SUSPICIOUS_MOVE = YES;
				CLANG_WARN_UNGUARDED_AVAILABILITY = YES_AGGRESSIVE;
				CLANG_WARN_UNREACHABLE_CODE = YES;
				CLANG_WARN__DUPLICATE_METHOD_MATCH = YES;
				CODE_SIGN_IDENTITY = "iPhone Developer";
				COPY_PHASE_STRIP = NO;
				DEBUG_INFORMATION_FORMAT = dwarf;
				ENABLE_STRICT_OBJC_MSGSEND = YES;
				ENABLE_TESTABILITY = YES;
				GCC_C_LANGUAGE_STANDARD = gnu11;
				GCC_DYNAMIC_NO_PIC = NO;
				GCC_NO_COMMON_BLOCKS = YES;
				GCC_OPTIMIZATION_LEVEL = 0;
				GCC_PREPROCESSOR_DEFINITIONS = (
					"DEBUG=1",
					"$(inherited)",
				);
				GCC_WARN_64_TO_32_BIT_CONVERSION = YES;
				GCC_WARN_ABOUT_RETURN_TYPE = YES_ERROR;
				GCC_WARN_UNDECLARED_SELECTOR = YES;
				GCC_WARN_UNINITIALIZED_AUTOS = YES_AGGRESSIVE;
				GCC_WARN_UNUSED_FUNCTION = YES;
				GCC_WARN_UNUSED_VARIABLE = YES;
				IPHONEOS_DEPLOYMENT_TARGET = 11.4;
				MTL_ENABLE_DEBUG_INFO = YES;
				ONLY_ACTIVE_ARCH = YES;
				SDKROOT = iphoneos;
				SWIFT_ACTIVE_COMPILATION_CONDITIONS = DEBUG;
				SWIFT_OPTIMIZATION_LEVEL = "-Onone";
			};
			name = Debug;
		};
		8DA7BDE7214B5B0100B6038B /* Release */ = {
			isa = XCBuildConfiguration;
			buildSettings = {
				ALWAYS_SEARCH_USER_PATHS = NO;
				CLANG_ANALYZER_NONNULL = YES;
				CLANG_ANALYZER_NUMBER_OBJECT_CONVERSION = YES_AGGRESSIVE;
				CLANG_CXX_LANGUAGE_STANDARD = "gnu++14";
				CLANG_CXX_LIBRARY = "libc++";
				CLANG_ENABLE_MODULES = YES;
				CLANG_ENABLE_OBJC_ARC = YES;
				CLANG_ENABLE_OBJC_WEAK = YES;
				CLANG_WARN_BLOCK_CAPTURE_AUTORELEASING = YES;
				CLANG_WARN_BOOL_CONVERSION = YES;
				CLANG_WARN_COMMA = YES;
				CLANG_WARN_CONSTANT_CONVERSION = YES;
				CLANG_WARN_DEPRECATED_OBJC_IMPLEMENTATIONS = YES;
				CLANG_WARN_DIRECT_OBJC_ISA_USAGE = YES_ERROR;
				CLANG_WARN_DOCUMENTATION_COMMENTS = YES;
				CLANG_WARN_EMPTY_BODY = YES;
				CLANG_WARN_ENUM_CONVERSION = YES;
				CLANG_WARN_INFINITE_RECURSION = YES;
				CLANG_WARN_INT_CONVERSION = YES;
				CLANG_WARN_NON_LITERAL_NULL_CONVERSION = YES;
				CLANG_WARN_OBJC_IMPLICIT_RETAIN_SELF = YES;
				CLANG_WARN_OBJC_LITERAL_CONVERSION = YES;
				CLANG_WARN_OBJC_ROOT_CLASS = YES_ERROR;
				CLANG_WARN_RANGE_LOOP_ANALYSIS = YES;
				CLANG_WARN_STRICT_PROTOTYPES = YES;
				CLANG_WARN_SUSPICIOUS_MOVE = YES;
				CLANG_WARN_UNGUARDED_AVAILABILITY = YES_AGGRESSIVE;
				CLANG_WARN_UNREACHABLE_CODE = YES;
				CLANG_WARN__DUPLICATE_METHOD_MATCH = YES;
				CODE_SIGN_IDENTITY = "iPhone Developer";
				COPY_PHASE_STRIP = NO;
				DEBUG_INFORMATION_FORMAT = "dwarf-with-dsym";
				ENABLE_NS_ASSERTIONS = NO;
				ENABLE_STRICT_OBJC_MSGSEND = YES;
				GCC_C_LANGUAGE_STANDARD = gnu11;
				GCC_NO_COMMON_BLOCKS = YES;
				GCC_WARN_64_TO_32_BIT_CONVERSION = YES;
				GCC_WARN_ABOUT_RETURN_TYPE = YES_ERROR;
				GCC_WARN_UNDECLARED_SELECTOR = YES;
				GCC_WARN_UNINITIALIZED_AUTOS = YES_AGGRESSIVE;
				GCC_WARN_UNUSED_FUNCTION = YES;
				GCC_WARN_UNUSED_VARIABLE = YES;
				IPHONEOS_DEPLOYMENT_TARGET = 11.4;
				MTL_ENABLE_DEBUG_INFO = NO;
				SDKROOT = iphoneos;
				SWIFT_COMPILATION_MODE = wholemodule;
				SWIFT_OPTIMIZATION_LEVEL = "-O";
				VALIDATE_PRODUCT = YES;
			};
			name = Release;
		};
		8DA7BDE9214B5B0100B6038B /* Debug */ = {
			isa = XCBuildConfiguration;
			baseConfigurationReference = B71DBBE298D2B6353AAC29C2 /* Pods-JuWallet.debug.xcconfig */;
			buildSettings = {
				ASSETCATALOG_COMPILER_APPICON_NAME = AppIcon;
				CODE_SIGN_STYLE = Automatic;
				DEVELOPMENT_TEAM = X4ALARBMUQ;
				INFOPLIST_FILE = JuWallet/Info.plist;
				IPHONEOS_DEPLOYMENT_TARGET = 10.0;
				LD_RUNPATH_SEARCH_PATHS = (
					"$(inherited)",
					"@executable_path/Frameworks",
				);
				PRODUCT_BUNDLE_IDENTIFIER = com.JuWallet;
				PRODUCT_NAME = "$(TARGET_NAME)";
				SWIFT_VERSION = 4.0;
				TARGETED_DEVICE_FAMILY = 1;
			};
			name = Debug;
		};
		8DA7BDEA214B5B0100B6038B /* Release */ = {
			isa = XCBuildConfiguration;
			baseConfigurationReference = 7DFF3BB0B80BBF9F1FBAC7C2 /* Pods-JuWallet.release.xcconfig */;
			buildSettings = {
				ASSETCATALOG_COMPILER_APPICON_NAME = AppIcon;
				CODE_SIGN_STYLE = Automatic;
				DEVELOPMENT_TEAM = X4ALARBMUQ;
				INFOPLIST_FILE = JuWallet/Info.plist;
				IPHONEOS_DEPLOYMENT_TARGET = 10.0;
				LD_RUNPATH_SEARCH_PATHS = (
					"$(inherited)",
					"@executable_path/Frameworks",
				);
				PRODUCT_BUNDLE_IDENTIFIER = com.JuWallet;
				PRODUCT_NAME = "$(TARGET_NAME)";
				SWIFT_VERSION = 4.0;
				TARGETED_DEVICE_FAMILY = 1;
			};
			name = Release;
		};
/* End XCBuildConfiguration section */

/* Begin XCConfigurationList section */
		8DA7BDD1214B5B0000B6038B /* Build configuration list for PBXProject "JuWallet" */ = {
			isa = XCConfigurationList;
			buildConfigurations = (
				8DA7BDE6214B5B0100B6038B /* Debug */,
				8DA7BDE7214B5B0100B6038B /* Release */,
			);
			defaultConfigurationIsVisible = 0;
			defaultConfigurationName = Release;
		};
		8DA7BDE8214B5B0100B6038B /* Build configuration list for PBXNativeTarget "JuWallet" */ = {
			isa = XCConfigurationList;
			buildConfigurations = (
				8DA7BDE9214B5B0100B6038B /* Debug */,
				8DA7BDEA214B5B0100B6038B /* Release */,
			);
			defaultConfigurationIsVisible = 0;
			defaultConfigurationName = Release;
		};
/* End XCConfigurationList section */
	};
	rootObject = 8DA7BDCE214B5B0000B6038B /* Project object */;
}
